# THIS IS AN AUTOGENERATED FILE. DO NOT EDIT THIS FILE DIRECTLY.
# yarn lockfile v1


"@tsconfig/node10@^1.0.7":
  "integrity" "sha512-6XFfSQmMgq0CFLY1MslA/CPUfhIL919M1rMsa5lP2P097N2Wd1sSX0tx1u4olM16fLNhtHZpRhedZJphNJqmZg=="
  "resolved" "https://registry.npmjs.org/@tsconfig/node10/-/node10-1.0.8.tgz"
  "version" "1.0.8"

"@tsconfig/node12@^1.0.7":
  "integrity" "sha512-/yBMcem+fbvhSREH+s14YJi18sp7J9jpuhYByADT2rypfajMZZN4WQ6zBGgBKp53NKmqI36wFYDb3yaMPurITw=="
  "resolved" "https://registry.npmjs.org/@tsconfig/node12/-/node12-1.0.9.tgz"
  "version" "1.0.9"

"@tsconfig/node14@^1.0.0":
  "integrity" "sha512-509r2+yARFfHHE7T6Puu2jjkoycftovhXRqW328PDXTVGKihlb1P8Z9mMZH04ebyajfRY7dedfGynlrFHJUQCg=="
  "resolved" "https://registry.npmjs.org/@tsconfig/node14/-/node14-1.0.1.tgz"
  "version" "1.0.1"

"@tsconfig/node16@^1.0.1":
  "integrity" "sha512-eZxlbI8GZscaGS7kkc/trHTT5xgrjH3/1n2JDwusC9iahPKWMRvRjJSAN5mCXviuTGQ/lHnhvv8Q1YTpnfz9gA=="
  "resolved" "https://registry.npmjs.org/@tsconfig/node16/-/node16-1.0.2.tgz"
  "version" "1.0.2"

"@types/node@*", "@types/node@14.14.22":
  "integrity" "sha512-g+f/qj/cNcqKkc3tFqlXOYjrmZA+jNBiDzbP3kH+B+otKFqAdPgVTGP1IeKRdMml/aE69as5S4FqtxAbl+LaMw=="
  "resolved" "https://registry.npmjs.org/@types/node/-/node-14.14.22.tgz"
  "version" "14.14.22"

"arg@^4.1.0":
  "integrity" "sha512-58S9QDqG0Xx27YwPSt9fJxivjYl432YCwfDMfZ+71RAqUrZef7LrKQZ3LHLOwCS4FLNBplP533Zx895SeOCHvA=="
  "resolved" "https://registry.npmjs.org/arg/-/arg-4.1.3.tgz"
  "version" "4.1.3"

"asynckit@^0.4.0":
  "integrity" "sha512-Oei9OH4tRh0YqU3GxhX79dM/mwVgvbZJaSNaRk+bshkj0S5cfHcgYakreBjrHwatXKbz+IoIdYLxrKim2MjW0Q=="
  "resolved" "https://registry.npmjs.org/asynckit/-/asynckit-0.4.0.tgz"
  "version" "0.4.0"

"axios@^1.1.3":
  "integrity" "sha512-00tXVRwKx/FZr/IDVFt4C+f9FYairX517WoGCL6dpOntqLkZofjhu43F/Xl44UOpqa+9sLFDrG/XAnFsUYgkDA=="
  "resolved" "https://registry.npmjs.org/axios/-/axios-1.1.3.tgz"
  "version" "1.1.3"
  dependencies:
    "follow-redirects" "^1.15.0"
    "form-data" "^4.0.0"
    "proxy-from-env" "^1.1.0"

"boolbase@^1.0.0":
  "integrity" "sha512-JZOSA7Mo9sNGB8+UjSgzdLtokWAky1zbztM3WRLCbZ70/3cTANmQmOdR7y2g+J0e2WXywy1yS468tY+IruqEww=="
  "resolved" "https://registry.npmjs.org/boolbase/-/boolbase-1.0.0.tgz"
  "version" "1.0.0"

"buffer-from@^1.0.0":
  "integrity" "sha512-MQcXEUbCKtEo7bhqEs6560Hyd4XaovZlO/k9V3hjVUF/zwW7KBVdSK4gIt/bzwS9MbR5qob+F5jusZsb0YQK2A=="
  "resolved" "https://registry.npmjs.org/buffer-from/-/buffer-from-1.1.1.tgz"
  "version" "1.1.1"

"cheerio-select@^2.1.0":
  "integrity" "sha512-9v9kG0LvzrlcungtnJtpGNxY+fzECQKhK4EGJX2vByejiMX84MFNQw4UxPJl3bFbTMw+Dfs37XaIkCwTZfLh4g=="
  "resolved" "https://registry.npmjs.org/cheerio-select/-/cheerio-select-2.1.0.tgz"
  "version" "2.1.0"
  dependencies:
    "boolbase" "^1.0.0"
    "css-select" "^5.1.0"
    "css-what" "^6.1.0"
    "domelementtype" "^2.3.0"
    "domhandler" "^5.0.3"
    "domutils" "^3.0.1"

"cheerio@^1.0.0-rc.12":
  "integrity" "sha512-VqR8m68vM46BNnuZ5NtnGBKIE/DfN0cRIzg9n40EIq9NOv90ayxLBXA8fXC5gquFRGJSTRqBq25Jt2ECLR431Q=="
  "resolved" "https://registry.npmjs.org/cheerio/-/cheerio-1.0.0-rc.12.tgz"
  "version" "1.0.0-rc.12"
  dependencies:
    "cheerio-select" "^2.1.0"
    "dom-serializer" "^2.0.0"
    "domhandler" "^5.0.3"
    "domutils" "^3.0.1"
    "htmlparser2" "^8.0.1"
    "parse5" "^7.0.0"
    "parse5-htmlparser2-tree-adapter" "^7.0.0"

"combined-stream@^1.0.8":
  "integrity" "sha512-FQN4MRfuJeHf7cBbBMJFXhKSDq+2kAArBlmRBvcvFE5BB1HZKXtSFASDhdlz9zOYwxh8lDdnvmMOe/+5cdoEdg=="
  "resolved" "https://registry.npmjs.org/combined-stream/-/combined-stream-1.0.8.tgz"
  "version" "1.0.8"
  dependencies:
    "delayed-stream" "~1.0.0"

"create-require@^1.1.0":
  "integrity" "sha512-dcKFX3jn0MpIaXjisoRvexIJVEKzaq7z2rZKxf+MSr9TkdmHmsU4m2lcLojrj/FHl8mk5VxMmYA+ftRkP/3oKQ=="
  "resolved" "https://registry.npmjs.org/create-require/-/create-require-1.1.1.tgz"
  "version" "1.1.1"

"css-select@^5.1.0":
  "integrity" "sha512-nwoRF1rvRRnnCqqY7updORDsuqKzqYJ28+oSMaJMMgOauh3fvwHqMS7EZpIPqK8GL+g9mKxF1vP/ZjSeNjEVHg=="
  "resolved" "https://registry.npmjs.org/css-select/-/css-select-5.1.0.tgz"
  "version" "5.1.0"
  dependencies:
    "boolbase" "^1.0.0"
    "css-what" "^6.1.0"
    "domhandler" "^5.0.2"
    "domutils" "^3.0.1"
    "nth-check" "^2.0.1"

"css-what@^6.1.0":
  "integrity" "sha512-HTUrgRJ7r4dsZKU6GjmpfRK1O76h97Z8MfS1G0FozR+oF2kG6Vfe8JE6zwrkbxigziPHinCJ+gCPjA9EaBDtRw=="
  "resolved" "https://registry.npmjs.org/css-what/-/css-what-6.1.0.tgz"
  "version" "6.1.0"

"delayed-stream@~1.0.0":
  "integrity" "sha512-ZySD7Nf91aLB0RxL4KGrKHBXl7Eds1DAmEdcoVawXnLD7SDhpNgtuII2aAkg7a7QS41jxPSZ17p4VdGnMHk3MQ=="
  "resolved" "https://registry.npmjs.org/delayed-stream/-/delayed-stream-1.0.0.tgz"
  "version" "1.0.0"

"diff@^4.0.1":
  "integrity" "sha512-58lmxKSA4BNyLz+HHMUzlOEpg09FV+ev6ZMe3vJihgdxzgcwZ8VoEEPmALCZG9LmqfVoNMMKpttIYTVG6uDY7A=="
  "resolved" "https://registry.npmjs.org/diff/-/diff-4.0.2.tgz"
  "version" "4.0.2"

"dom-serializer@^2.0.0":
  "integrity" "sha512-wIkAryiqt/nV5EQKqQpo3SToSOV9J0DnbJqwK7Wv/Trc92zIAYZ4FlMu+JPFW1DfGFt81ZTCGgDEabffXeLyJg=="
  "resolved" "https://registry.npmjs.org/dom-serializer/-/dom-serializer-2.0.0.tgz"
  "version" "2.0.0"
  dependencies:
    "domelementtype" "^2.3.0"
    "domhandler" "^5.0.2"
    "entities" "^4.2.0"

"domelementtype@^2.3.0":
  "integrity" "sha512-OLETBj6w0OsagBwdXnPdN0cnMfF9opN69co+7ZrbfPGrdpPVNBUj02spi6B1N7wChLQiPn4CSH/zJvXw56gmHw=="
  "resolved" "https://registry.npmjs.org/domelementtype/-/domelementtype-2.3.0.tgz"
  "version" "2.3.0"

"domhandler@^5.0.1", "domhandler@^5.0.2", "domhandler@^5.0.3":
  "integrity" "sha512-cgwlv/1iFQiFnU96XXgROh8xTeetsnJiDsTc7TYCLFd9+/WNkIqPTxiM/8pSd8VIrhXGTf1Ny1q1hquVqDJB5w=="
  "resolved" "https://registry.npmjs.org/domhandler/-/domhandler-5.0.3.tgz"
  "version" "5.0.3"
  dependencies:
    "domelementtype" "^2.3.0"

"domutils@^3.0.1":
  "integrity" "sha512-z08c1l761iKhDFtfXO04C7kTdPBLi41zwOZl00WS8b5eiaebNpY00HKbztwBq+e3vyqWNwWF3mP9YLUeqIrF+Q=="
  "resolved" "https://registry.npmjs.org/domutils/-/domutils-3.0.1.tgz"
  "version" "3.0.1"
  dependencies:
    "dom-serializer" "^2.0.0"
    "domelementtype" "^2.3.0"
    "domhandler" "^5.0.1"

"entities@^4.2.0", "entities@^4.3.0", "entities@^4.4.0":
  "integrity" "sha512-oYp7156SP8LkeGD0GF85ad1X9Ai79WtRsZ2gxJqtBuzH+98YUV6jkHEKlZkMbcrjJjIVJNIDP/3WL9wQkoPbWA=="
  "resolved" "https://registry.npmjs.org/entities/-/entities-4.4.0.tgz"
  "version" "4.4.0"

"follow-redirects@^1.15.0":
  "integrity" "sha512-VQLG33o04KaQ8uYi2tVNbdrWp1QWxNNea+nmIB4EVM28v0hmP17z7aG1+wAkNzVq4KeXTq3221ye5qTJP91JwA=="
  "resolved" "https://registry.npmjs.org/follow-redirects/-/follow-redirects-1.15.2.tgz"
  "version" "1.15.2"

"form-data@^4.0.0":
  "integrity" "sha512-ETEklSGi5t0QMZuiXoA/Q6vcnxcLQP5vdugSpuAyi6SVGi2clPPp+xgEhuMaHC+zGgn31Kd235W35f7Hykkaww=="
  "resolved" "https://registry.npmjs.org/form-data/-/form-data-4.0.0.tgz"
  "version" "4.0.0"
  dependencies:
    "asynckit" "^0.4.0"
    "combined-stream" "^1.0.8"
    "mime-types" "^2.1.12"

"htmlparser2@^8.0.1":
  "integrity" "sha512-4lVbmc1diZC7GUJQtRQ5yBAeUCL1exyMwmForWkRLnwyzWBFxN633SALPMGYaWZvKe9j1pRZJpauvmxENSp/EA=="
  "resolved" "https://registry.npmjs.org/htmlparser2/-/htmlparser2-8.0.1.tgz"
  "version" "8.0.1"
  dependencies:
    "domelementtype" "^2.3.0"
    "domhandler" "^5.0.2"
    "domutils" "^3.0.1"
    "entities" "^4.3.0"

"make-error@^1.1.1":
  "integrity" "sha512-s8UhlNe7vPKomQhC1qFelMokr/Sc3AgNbso3n74mVPA5LTZwkB9NlXf4XPamLxJE8h0gh73rM94xvwRT2CVInw=="
  "resolved" "https://registry.npmjs.org/make-error/-/make-error-1.3.6.tgz"
  "version" "1.3.6"

"mime-db@1.52.0":
  "integrity" "sha512-sPU4uV7dYlvtWJxwwxHD0PuihVNiE7TyAbQ5SWxDCB9mUYvOgroQOwYQQOKPJ8CIbE+1ETVlOoK1UC2nU3gYvg=="
  "resolved" "https://registry.npmjs.org/mime-db/-/mime-db-1.52.0.tgz"
  "version" "1.52.0"

"mime-types@^2.1.12":
  "integrity" "sha512-ZDY+bPm5zTTF+YpCrAU9nK0UgICYPT0QtT1NZWFv4s++TNkcgVaT0g6+4R2uI4MjQjzysHB1zxuWL50hzaeXiw=="
  "resolved" "https://registry.npmjs.org/mime-types/-/mime-types-2.1.35.tgz"
  "version" "2.1.35"
  dependencies:
    "mime-db" "1.52.0"

"nth-check@^2.0.1":
  "integrity" "sha512-lqjrjmaOoAnWfMmBPL+XNnynZh2+swxiX3WUE0s4yEHI6m+AwrK2UZOimIRl3X/4QctVqS8AiZjFqyOGrMXb/w=="
  "resolved" "https://registry.npmjs.org/nth-check/-/nth-check-2.1.1.tgz"
  "version" "2.1.1"
  dependencies:
    "boolbase" "^1.0.0"

"parse5-htmlparser2-tree-adapter@^7.0.0":
  "integrity" "sha512-B77tOZrqqfUfnVcOrUvfdLbz4pu4RopLD/4vmu3HUPswwTA8OH0EMW9BlWR2B0RCoiZRAHEUu7IxeP1Pd1UU+g=="
  "resolved" "https://registry.npmjs.org/parse5-htmlparser2-tree-adapter/-/parse5-htmlparser2-tree-adapter-7.0.0.tgz"
  "version" "7.0.0"
  dependencies:
    "domhandler" "^5.0.2"
    "parse5" "^7.0.0"

"parse5@^7.0.0":
  "integrity" "sha512-kwpuwzB+px5WUg9pyK0IcK/shltJN5/OVhQagxhCQNtT9Y9QRZqNY2e1cmbu/paRh5LMnz/oVTVLBpjFmMZhSg=="
  "resolved" "https://registry.npmjs.org/parse5/-/parse5-7.1.1.tgz"
  "version" "7.1.1"
  dependencies:
    "entities" "^4.4.0"

"proxy-from-env@^1.1.0":
  "integrity" "sha512-D+zkORCbA9f1tdWRK0RaCR3GPv50cMxcrz4X8k5LTSUD1Dkw47mKJEZQNunItRTkWwgtaUSo1RVFRIG9ZXiFYg=="
  "resolved" "https://registry.npmjs.org/proxy-from-env/-/proxy-from-env-1.1.0.tgz"
  "version" "1.1.0"

"source-map-support@^0.5.17":
  "integrity" "sha512-Wonm7zOCIJzBGQdB+thsPar0kYuCIzYvxZwlBa87yi/Mdjv7Tip2cyVbLj5o0cFPN4EVkuTwb3GDDyUx2DGnGw=="
  "resolved" "https://registry.npmjs.org/source-map-support/-/source-map-support-0.5.19.tgz"
  "version" "0.5.19"
  dependencies:
    "buffer-from" "^1.0.0"
    "source-map" "^0.6.0"

"source-map@^0.6.0":
  "integrity" "sha512-UjgapumWlbMhkBgzT7Ykc5YXUT46F0iKu8SGXq0bcwP5dz/h0Plj6enJqjz1Zbq2l5WaqYnrVbwWOWMyF3F47g=="
  "resolved" "https://registry.npmjs.org/source-map/-/source-map-0.6.1.tgz"
  "version" "0.6.1"

"ts-node@^10.1.0":
  "integrity" "sha512-6szn3+J9WyG2hE+5W8e0ruZrzyk1uFLYye6IGMBadnOzDh8aP7t8CbFpsfCiEx2+wMixAhjFt7lOZC4+l+WbEA=="
  "resolved" "https://registry.npmjs.org/ts-node/-/ts-node-10.1.0.tgz"
  "version" "10.1.0"
  dependencies:
    "@tsconfig/node10" "^1.0.7"
    "@tsconfig/node12" "^1.0.7"
    "@tsconfig/node14" "^1.0.0"
    "@tsconfig/node16" "^1.0.1"
    "arg" "^4.1.0"
    "create-require" "^1.1.0"
    "diff" "^4.0.1"
    "make-error" "^1.1.1"
    "source-map-support" "^0.5.17"
    "yn" "3.1.1"

"typescript@^4.3.5", "typescript@>=2.7":
  "integrity" "sha512-DqQgihaQ9cUrskJo9kIyW/+g0Vxsk8cDtZ52a3NGh0YNTfpUSArXSohyUGnvbPazEPLu398C0UxmKSOrPumUzA=="
  "resolved" "https://registry.npmjs.org/typescript/-/typescript-4.3.5.tgz"
  "version" "4.3.5"

"yn@3.1.1":
  "integrity" "sha512-Ux4ygGWsu2c7isFWe8Yu1YluJmqVhxqK2cLXNQA5AcC3QfbGNpM7fu0Y8b/z16pXLnFxZYvWhd3fhBY9DLmC6Q=="
  "resolved" "https://registry.npmjs.org/yn/-/yn-3.1.1.tgz"
  "version" "3.1.1"
